
Microsoft Visual Studio Solution File, Format Version 12.00
# Visual Studio Version 17
VisualStudioVersion = 17.10.35122.118
MinimumVisualStudioVersion = 10.0.40219.1
Project("{FAE04EC0-301F-11D3-BF4B-00C04F79EFBC}") = "PracticeView", "PracticeView.csproj", "{ABAB6426-9CDF-45CF-906C-560338DE8742}"
EndProject
Global
	GlobalSection(SolutionConfigurationPlatforms) = preSolution
		Debug|Any CPU = Debug|Any CPU
		Release|Any CPU = Release|Any CPU
	EndGlobalSection
	GlobalSection(ProjectConfigurationPlatforms) = postSolution
		{ABAB6426-9CDF-45CF-906C-560338DE8742}.Debug|Any CPU.ActiveCfg = Debug|Any CPU
		{ABAB6426-9CDF-45CF-906C-560338DE8742}.Debug|Any CPU.Build.0 = Debug|Any CPU
		{ABAB6426-9CDF-45CF-906C-560338DE8742}.Release|Any CPU.ActiveCfg = Release|Any CPU
		{ABAB6426-9CDF-45CF-906C-560338DE8742}.Release|Any CPU.Build.0 = Release|Any CPU
	EndGlobalSection
	GlobalSection(SolutionProperties) = preSolution
		HideSolutionNode = FALSE
	EndGlobalSection
	GlobalSection(ExtensibilityGlobals) = postSolution
		SolutionGuid = {A3B04139-EE81-4886-8DE4-33D483891F28}
	EndGlobalSection
EndGlobal
